// !$*UTF8*$!
{
	archiveVersion = 1;
	classes = {
	};
	objectVersion = 46;
	objects = {

/* Begin PBXBuildFile section */
		4107C6621DB7169000681EC5 /* AppDelegate.swift in Sources */ = {isa = PBXBuildFile; fileRef = 4107C6611DB7169000681EC5 /* AppDelegate.swift */; };
		4107C6641DB7169000681EC5 /* ViewController.swift in Sources */ = {isa = PBXBuildFile; fileRef = 4107C6631DB7169000681EC5 /* ViewController.swift */; };
		4107C6671DB7169000681EC5 /* Main.storyboard in Resources */ = {isa = PBXBuildFile; fileRef = 4107C6651DB7169000681EC5 /* Main.storyboard */; };
		4107C66A1DB7169000681EC5 /* _000_CardsDA.xcdatamodeld in Sources */ = {isa = PBXBuildFile; fileRef = 4107C6681DB7169000681EC5 /* _000_CardsDA.xcdatamodeld */; };
		4107C66C1DB7169000681EC5 /* Assets.xcassets in Resources */ = {isa = PBXBuildFile; fileRef = 4107C66B1DB7169000681EC5 /* Assets.xcassets */; };
		4107C66F1DB7169000681EC5 /* LaunchScreen.storyboard in Resources */ = {isa = PBXBuildFile; fileRef = 4107C66D1DB7169000681EC5 /* LaunchScreen.storyboard */; };
		4107C67A1DB7169000681EC5 /* _000_CardsDATests.swift in Sources */ = {isa = PBXBuildFile; fileRef = 4107C6791DB7169000681EC5 /* _000_CardsDATests.swift */; };
		4107C6851DB7169000681EC5 /* _000_CardsDAUITests.swift in Sources */ = {isa = PBXBuildFile; fileRef = 4107C6841DB7169000681EC5 /* _000_CardsDAUITests.swift */; };
		41A29F011DB8433500594F6E /* GameView.swift in Sources */ = {isa = PBXBuildFile; fileRef = 41A29F001DB8433500594F6E /* GameView.swift */; };
/* End PBXBuildFile section */

/* Begin PBXContainerItemProxy section */
		4107C6761DB7169000681EC5 /* PBXContainerItemProxy */ = {
			isa = PBXContainerItemProxy;
			containerPortal = 4107C6561DB7168F00681EC5 /* Project object */;
			proxyType = 1;
			remoteGlobalIDString = 4107C65D1DB7168F00681EC5;
			remoteInfo = "1000-CardsDA";
		};
		4107C6811DB7169000681EC5 /* PBXContainerItemProxy */ = {
			isa = PBXContainerItemProxy;
			containerPortal = 4107C6561DB7168F00681EC5 /* Project object */;
			proxyType = 1;
			remoteGlobalIDString = 4107C65D1DB7168F00681EC5;
			remoteInfo = "1000-CardsDA";
		};
/* End PBXContainerItemProxy section */

/* Begin PBXFileReference section */
		4107C65E1DB7169000681EC5 /* 1000-CardsDA.app */ = {isa = PBXFileReference; explicitFileType = wrapper.application; includeInIndex = 0; path = "1000-CardsDA.app"; sourceTree = BUILT_PRODUCTS_DIR; };
		4107C6611DB7169000681EC5 /* AppDelegate.swift */ = {isa = PBXFileReference; lastKnownFileType = sourcecode.swift; path = AppDelegate.swift; sourceTree = "<group>"; };
		4107C6631DB7169000681EC5 /* ViewController.swift */ = {isa = PBXFileReference; lastKnownFileType = sourcecode.swift; path = ViewController.swift; sourceTree = "<group>"; };
		4107C6661DB7169000681EC5 /* Base */ = {isa = PBXFileReference; lastKnownFileType = file.storyboard; name = Base; path = Base.lproj/Main.storyboard; sourceTree = "<group>"; };
		4107C6691DB7169000681EC5 /* _000_CardsDA.xcdatamodel */ = {isa = PBXFileReference; lastKnownFileType = wrapper.xcdatamodel; path = _000_CardsDA.xcdatamodel; sourceTree = "<group>"; };
		4107C66B1DB7169000681EC5 /* Assets.xcassets */ = {isa = PBXFileReference; lastKnownFileType = folder.assetcatalog; path = Assets.xcassets; sourceTree = "<group>"; };
		4107C66E1DB7169000681EC5 /* Base */ = {isa = PBXFileReference; lastKnownFileType = file.storyboard; name = Base; path = Base.lproj/LaunchScreen.storyboard; sourceTree = "<group>"; };
		4107C6701DB7169000681EC5 /* Info.plist */ = {isa = PBXFileReference; lastKnownFileType = text.plist.xml; path = Info.plist; sourceTree = "<group>"; };
		4107C6751DB7169000681EC5 /* 1000-CardsDATests.xctest */ = {isa = PBXFileReference; explicitFileType = wrapper.cfbundle; includeInIndex = 0; path = "1000-CardsDATests.xctest"; sourceTree = BUILT_PRODUCTS_DIR; };
		4107C6791DB7169000681EC5 /* _000_CardsDATests.swift */ = {isa = PBXFileReference; lastKnownFileType = sourcecode.swift; path = _000_CardsDATests.swift; sourceTree = "<group>"; };
		4107C67B1DB7169000681EC5 /* Info.plist */ = {isa = PBXFileReference; lastKnownFileType = text.plist.xml; path = Info.plist; sourceTree = "<group>"; };
		4107C6801DB7169000681EC5 /* 1000-CardsDAUITests.xctest */ = {isa = PBXFileReference; explicitFileType = wrapper.cfbundle; includeInIndex = 0; path = "1000-CardsDAUITests.xctest"; sourceTree = BUILT_PRODUCTS_DIR; };
		4107C6841DB7169000681EC5 /* _000_CardsDAUITests.swift */ = {isa = PBXFileReference; lastKnownFileType = sourcecode.swift; path = _000_CardsDAUITests.swift; sourceTree = "<group>"; };
		4107C6861DB7169000681EC5 /* Info.plist */ = {isa = PBXFileReference; lastKnownFileType = text.plist.xml; path = Info.plist; sourceTree = "<group>"; };
		41A29F001DB8433500594F6E /* GameView.swift */ = {isa = PBXFileReference; fileEncoding = 4; lastKnownFileType = sourcecode.swift; path = GameView.swift; sourceTree = "<group>"; };
/* End PBXFileReference section */

/* Begin PBXFrameworksBuildPhase section */
		4107C65B1DB7168F00681EC5 /* Frameworks */ = {
			isa = PBXFrameworksBuildPhase;
			buildActionMask = 2147483647;
			files = (
			);
			runOnlyForDeploymentPostprocessing = 0;
		};
		4107C6721DB7169000681EC5 /* Frameworks */ = {
			isa = PBXFrameworksBuildPhase;
			buildActionMask = 2147483647;
			files = (
			);
			runOnlyForDeploymentPostprocessing = 0;
		};
		4107C67D1DB7169000681EC5 /* Frameworks */ = {
			isa = PBXFrameworksBuildPhase;
			buildActionMask = 2147483647;
			files = (
			);
			runOnlyForDeploymentPostprocessing = 0;
		};
/* End PBXFrameworksBuildPhase section */

/* Begin PBXGroup section */
		4107C6551DB7168F00681EC5 = {
			isa = PBXGroup;
			children = (
				4107C6601DB7169000681EC5 /* 1000-CardsDA */,
				4107C6781DB7169000681EC5 /* 1000-CardsDATests */,
				4107C6831DB7169000681EC5 /* 1000-CardsDAUITests */,
				4107C65F1DB7169000681EC5 /* Products */,
			);
			sourceTree = "<group>";
		};
		4107C65F1DB7169000681EC5 /* Products */ = {
			isa = PBXGroup;
			children = (
				4107C65E1DB7169000681EC5 /* 1000-CardsDA.app */,
				4107C6751DB7169000681EC5 /* 1000-CardsDATests.xctest */,
				4107C6801DB7169000681EC5 /* 1000-CardsDAUITests.xctest */,
			);
			name = Products;
			sourceTree = "<group>";
		};
		4107C6601DB7169000681EC5 /* 1000-CardsDA */ = {
			isa = PBXGroup;
			children = (
				4107C6611DB7169000681EC5 /* AppDelegate.swift */,
				4107C6631DB7169000681EC5 /* ViewController.swift */,
				4107C6651DB7169000681EC5 /* Main.storyboard */,
				4107C66B1DB7169000681EC5 /* Assets.xcassets */,
				4107C66D1DB7169000681EC5 /* LaunchScreen.storyboard */,
				4107C6701DB7169000681EC5 /* Info.plist */,
				4107C6681DB7169000681EC5 /* _000_CardsDA.xcdatamodeld */,
				41A29F001DB8433500594F6E /* GameView.swift */,
			);
			path = "1000-CardsDA";
			sourceTree = "<group>";
		};
		4107C6781DB7169000681EC5 /* 1000-CardsDATests */ = {
			isa = PBXGroup;
			children = (
				4107C6791DB7169000681EC5 /* _000_CardsDATests.swift */,
				4107C67B1DB7169000681EC5 /* Info.plist */,
			);
			path = "1000-CardsDATests";
			sourceTree = "<group>";
		};
		4107C6831DB7169000681EC5 /* 1000-CardsDAUITests */ = {
			isa = PBXGroup;
			children = (
				4107C6841DB7169000681EC5 /* _000_CardsDAUITests.swift */,
				4107C6861DB7169000681EC5 /* Info.plist */,
			);
			path = "1000-CardsDAUITests";
			sourceTree = "<group>";
		};
/* End PBXGroup section */

/* Begin PBXNativeTarget section */
		4107C65D1DB7168F00681EC5 /* 1000-CardsDA */ = {
			isa = PBXNativeTarget;
			buildConfigurationList = 4107C6891DB7169000681EC5 /* Build configuration list for PBXNativeTarget "1000-CardsDA" */;
			buildPhases = (
				4107C65A1DB7168F00681EC5 /* Sources */,
				4107C65B1DB7168F00681EC5 /* Frameworks */,
				4107C65C1DB7168F00681EC5 /* Resources */,
			);
			buildRules = (
			);
			dependencies = (
			);
			name = "1000-CardsDA";
			productName = "1000-CardsDA";
			productReference = 4107C65E1DB7169000681EC5 /* 1000-CardsDA.app */;
			productType = "com.apple.product-type.application";
		};
		4107C6741DB7169000681EC5 /* 1000-CardsDATests */ = {
			isa = PBXNativeTarget;
			buildConfigurationList = 4107C68C1DB7169000681EC5 /* Build configuration list for PBXNativeTarget "1000-CardsDATests" */;
			buildPhases = (
				4107C6711DB7169000681EC5 /* Sources */,
				4107C6721DB7169000681EC5 /* Frameworks */,
				4107C6731DB7169000681EC5 /* Resources */,
			);
			buildRules = (
			);
			dependencies = (
				4107C6771DB7169000681EC5 /* PBXTargetDependency */,
			);
			name = "1000-CardsDATests";
			productName = "1000-CardsDATests";
			productReference = 4107C6751DB7169000681EC5 /* 1000-CardsDATests.xctest */;
			productType = "com.apple.product-type.bundle.unit-test";
		};
		4107C67F1DB7169000681EC5 /* 1000-CardsDAUITests */ = {
			isa = PBXNativeTarget;
			buildConfigurationList = 4107C68F1DB7169000681EC5 /* Build configuration list for PBXNativeTarget "1000-CardsDAUITests" */;
			buildPhases = (
				4107C67C1DB7169000681EC5 /* Sources */,
				4107C67D1DB7169000681EC5 /* Frameworks */,
				4107C67E1DB7169000681EC5 /* Resources */,
			);
			buildRules = (
			);
			dependencies = (
				4107C6821DB7169000681EC5 /* PBXTargetDependency */,
			);
			name = "1000-CardsDAUITests";
			productName = "1000-CardsDAUITests";
			productReference = 4107C6801DB7169000681EC5 /* 1000-CardsDAUITests.xctest */;
			productType = "com.apple.product-type.bundle.ui-testing";
		};
/* End PBXNativeTarget section */

/* Begin PBXProject section */
		4107C6561DB7168F00681EC5 /* Project object */ = {
			isa = PBXProject;
			attributes = {
				LastSwiftUpdateCheck = 0800;
				LastUpgradeCheck = 0800;
				ORGANIZATIONNAME = EggLord;
				TargetAttributes = {
					4107C65D1DB7168F00681EC5 = {
						CreatedOnToolsVersion = 8.0;
						DevelopmentTeam = W77BUPP4VH;
						ProvisioningStyle = Automatic;
					};
					4107C6741DB7169000681EC5 = {
						CreatedOnToolsVersion = 8.0;
						DevelopmentTeam = W77BUPP4VH;
						ProvisioningStyle = Automatic;
						TestTargetID = 4107C65D1DB7168F00681EC5;
					};
					4107C67F1DB7169000681EC5 = {
						CreatedOnToolsVersion = 8.0;
						DevelopmentTeam = W77BUPP4VH;
						ProvisioningStyle = Automatic;
						TestTargetID = 4107C65D1DB7168F00681EC5;
					};
				};
			};
			buildConfigurationList = 4107C6591DB7168F00681EC5 /* Build configuration list for PBXProject "1000-CardsDA" */;
			compatibilityVersion = "Xcode 3.2";
			developmentRegion = English;
			hasScannedForEncodings = 0;
			knownRegions = (
				en,
				Base,
			);
			mainGroup = 4107C6551DB7168F00681EC5;
			productRefGroup = 4107C65F1DB7169000681EC5 /* Products */;
			projectDirPath = "";
			projectRoot = "";
			targets = (
				4107C65D1DB7168F00681EC5 /* 1000-CardsDA */,
				4107C6741DB7169000681EC5 /* 1000-CardsDATests */,
				4107C67F1DB7169000681EC5 /* 1000-CardsDAUITests */,
			);
		};
/* End PBXProject section */

/* Begin PBXResourcesBuildPhase section */
		4107C65C1DB7168F00681EC5 /* Resources */ = {
			isa = PBXResourcesBuildPhase;
			buildActionMask = 2147483647;
			files = (
				4107C66F1DB7169000681EC5 /* LaunchScreen.storyboard in Resources */,
				4107C66C1DB7169000681EC5 /* Assets.xcassets in Resources */,
				4107C6671DB7169000681EC5 /* Main.storyboard in Resources */,
			);
			runOnlyForDeploymentPostprocessing = 0;
		};
		4107C6731DB7169000681EC5 /* Resources */ = {
			isa = PBXResourcesBuildPhase;
			buildActionMask = 2147483647;
			files = (
			);
			runOnlyForDeploymentPostprocessing = 0;
		};
		4107C67E1DB7169000681EC5 /* Resources */ = {
			isa = PBXResourcesBuildPhase;
			buildActionMask = 2147483647;
			files = (
			);
			runOnlyForDeploymentPostprocessing = 0;
		};
/* End PBXResourcesBuildPhase section */

/* Begin PBXSourcesBuildPhase section */
		4107C65A1DB7168F00681EC5 /* Sources */ = {
			isa = PBXSourcesBuildPhase;
			buildActionMask = 2147483647;
			files = (
				4107C6641DB7169000681EC5 /* ViewController.swift in Sources */,
				4107C6621DB7169000681EC5 /* AppDelegate.swift in Sources */,
				41A29F011DB8433500594F6E /* GameView.swift in Sources */,
				4107C66A1DB7169000681EC5 /* _000_CardsDA.xcdatamodeld in Sources */,
			);
			runOnlyForDeploymentPostprocessing = 0;
		};
		4107C6711DB7169000681EC5 /* Sources */ = {
			isa = PBXSourcesBuildPhase;
			buildActionMask = 2147483647;
			files = (
				4107C67A1DB7169000681EC5 /* _000_CardsDATests.swift in Sources */,
			);
			runOnlyForDeploymentPostprocessing = 0;
		};
		4107C67C1DB7169000681EC5 /* Sources */ = {
			isa = PBXSourcesBuildPhase;
			buildActionMask = 2147483647;
			files = (
				4107C6851DB7169000681EC5 /* _000_CardsDAUITests.swift in Sources */,
			);
			runOnlyForDeploymentPostprocessing = 0;
		};
/* End PBXSourcesBuildPhase section */

/* Begin PBXTargetDependency section */
		4107C6771DB7169000681EC5 /* PBXTargetDependency */ = {
			isa = PBXTargetDependency;
			target = 4107C65D1DB7168F00681EC5 /* 1000-CardsDA */;
			targetProxy = 4107C6761DB7169000681EC5 /* PBXContainerItemProxy */;
		};
		4107C6821DB7169000681EC5 /* PBXTargetDependency */ = {
			isa = PBXTargetDependency;
			target = 4107C65D1DB7168F00681EC5 /* 1000-CardsDA */;
			targetProxy = 4107C6811DB7169000681EC5 /* PBXContainerItemProxy */;
		};
/* End PBXTargetDependency section */

/* Begin PBXVariantGroup section */
		4107C6651DB7169000681EC5 /* Main.storyboard */ = {
			isa = PBXVariantGroup;
			children = (
				4107C6661DB7169000681EC5 /* Base */,
			);
			name = Main.storyboard;
			sourceTree = "<group>";
		};
		4107C66D1DB7169000681EC5 /* LaunchScreen.storyboard */ = {
			isa = PBXVariantGroup;
			children = (
				4107C66E1DB7169000681EC5 /* Base */,
			);
			name = LaunchScreen.storyboard;
			sourceTree = "<group>";
		};
/* End PBXVariantGroup section */

/* Begin XCBuildConfiguration section */
		4107C6871DB7169000681EC5 /* Debug */ = {
			isa = XCBuildConfiguration;
			buildSettings = {
				ALWAYS_SEARCH_USER_PATHS = NO;
				CLANG_ANALYZER_NONNULL = YES;
				CLANG_CXX_LANGUAGE_STANDARD = "gnu++0x";
				CLANG_CXX_LIBRARY = "libc++";
				CLANG_ENABLE_MODULES = YES;
				CLANG_ENABLE_OBJC_ARC = YES;
				CLANG_WARN_BOOL_CONVERSION = YES;
				CLANG_WARN_CONSTANT_CONVERSION = YES;
				CLANG_WARN_DIRECT_OBJC_ISA_USAGE = YES_ERROR;
				CLANG_WARN_DOCUMENTATION_COMMENTS = YES;
				CLANG_WARN_EMPTY_BODY = YES;
				CLANG_WARN_ENUM_CONVERSION = YES;
				CLANG_WARN_INFINITE_RECURSION = YES;
				CLANG_WARN_INT_CONVERSION = YES;
				CLANG_WARN_OBJC_ROOT_CLASS = YES_ERROR;
				CLANG_WARN_SUSPICIOUS_MOVES = YES;
				CLANG_WARN_UNREACHABLE_CODE = YES;
				CLANG_WARN__DUPLICATE_METHOD_MATCH = YES;
				"CODE_SIGN_IDENTITY[sdk=iphoneos*]" = "iPhone Developer";
				COPY_PHASE_STRIP = NO;
				DEBUG_INFORMATION_FORMAT = dwarf;
				ENABLE_STRICT_OBJC_MSGSEND = YES;
				ENABLE_TESTABILITY = YES;
				GCC_C_LANGUAGE_STANDARD = gnu99;
				GCC_DYNAMIC_NO_PIC = NO;
				GCC_NO_COMMON_BLOCKS = YES;
				GCC_OPTIMIZATION_LEVEL = 0;
				GCC_PREPROCESSOR_DEFINITIONS = (
					"DEBUG=1",
					"$(inherited)",
				);
				GCC_WARN_64_TO_32_BIT_CONVERSION = YES;
				GCC_WARN_ABOUT_RETURN_TYPE = YES_ERROR;
				GCC_WARN_UNDECLARED_SELECTOR = YES;
				GCC_WARN_UNINITIALIZED_AUTOS = YES_AGGRESSIVE;
				GCC_WARN_UNUSED_FUNCTION = YES;
				GCC_WARN_UNUSED_VARIABLE = YES;
				IPHONEOS_DEPLOYMENT_TARGET = 10.0;
				MTL_ENABLE_DEBUG_INFO = YES;
				ONLY_ACTIVE_ARCH = YES;
				SDKROOT = iphoneos;
				SWIFT_ACTIVE_COMPILATION_CONDITIONS = DEBUG;
				SWIFT_OPTIMIZATION_LEVEL = "-Onone";
				TARGETED_DEVICE_FAMILY = "1,2";
			};
			name = Debug;
		};
		4107C6881DB7169000681EC5 /* Release */ = {
			isa = XCBuildConfiguration;
			buildSettings = {
				ALWAYS_SEARCH_USER_PATHS = NO;
				CLANG_ANALYZER_NONNULL = YES;
				CLANG_CXX_LANGUAGE_STANDARD = "gnu++0x";
				CLANG_CXX_LIBRARY = "libc++";
				CLANG_ENABLE_MODULES = YES;
				CLANG_ENABLE_OBJC_ARC = YES;
				CLANG_WARN_BOOL_CONVERSION = YES;
				CLANG_WARN_CONSTANT_CONVERSION = YES;
				CLANG_WARN_DIRECT_OBJC_ISA_USAGE = YES_ERROR;
				CLANG_WARN_DOCUMENTATION_COMMENTS = YES;
				CLANG_WARN_EMPTY_BODY = YES;
				CLANG_WARN_ENUM_CONVERSION = YES;
				CLANG_WARN_INFINITE_RECURSION = YES;
				CLANG_WARN_INT_CONVERSION = YES;
				CLANG_WARN_OBJC_ROOT_CLASS = YES_ERROR;
				CLANG_WARN_SUSPICIOUS_MOVES = YES;
				CLANG_WARN_UNREACHABLE_CODE = YES;
				CLANG_WARN__DUPLICATE_METHOD_MATCH = YES;
				"CODE_SIGN_IDENTITY[sdk=iphoneos*]" = "iPhone Developer";
				COPY_PHASE_STRIP = NO;
				DEBUG_INFORMATION_FORMAT = "dwarf-with-dsym";
				ENABLE_NS_ASSERTIONS = NO;
				ENABLE_STRICT_OBJC_MSGSEND = YES;
				GCC_C_LANGUAGE_STANDARD = gnu99;
				GCC_NO_COMMON_BLOCKS = YES;
				GCC_WARN_64_TO_32_BIT_CONVERSION = YES;
				GCC_WARN_ABOUT_RETURN_TYPE = YES_ERROR;
				GCC_WARN_UNDECLARED_SELECTOR = YES;
				GCC_WARN_UNINITIALIZED_AUTOS = YES_AGGRESSIVE;
				GCC_WARN_UNUSED_FUNCTION = YES;
				GCC_WARN_UNUSED_VARIABLE = YES;
				IPHONEOS_DEPLOYMENT_TARGET = 10.0;
				MTL_ENABLE_DEBUG_INFO = NO;
				SDKROOT = iphoneos;
				SWIFT_OPTIMIZATION_LEVEL = "-Owholemodule";
				TARGETED_DEVICE_FAMILY = "1,2";
				VALIDATE_PRODUCT = YES;
			};
			name = Release;
		};
		4107C68A1DB7169000681EC5 /* Debug */ = {
			isa = XCBuildConfiguration;
			buildSettings = {
				ASSETCATALOG_COMPILER_APPICON_NAME = AppIcon;
				DEVELOPMENT_TEAM = W77BUPP4VH;
				INFOPLIST_FILE = "1000-CardsDA/Info.plist";
				LD_RUNPATH_SEARCH_PATHS = "$(inherited) @executable_path/Frameworks";
				PRODUCT_BUNDLE_IDENTIFIER = "EggLord.-000-CardsDA";
				PRODUCT_NAME = "$(TARGET_NAME)";
				SWIFT_VERSION = 3.0;
			};
			name = Debug;
		};
		4107C68B1DB7169000681EC5 /* Release */ = {
			isa = XCBuildConfiguration;
			buildSettings = {
				ASSETCATALOG_COMPILER_APPICON_NAME = AppIcon;
				DEVELOPMENT_TEAM = W77BUPP4VH;
				INFOPLIST_FILE = "1000-CardsDA/Info.plist";
				LD_RUNPATH_SEARCH_PATHS = "$(inherited) @executable_path/Frameworks";
				PRODUCT_BUNDLE_IDENTIFIER = "EggLord.-000-CardsDA";
				PRODUCT_NAME = "$(TARGET_NAME)";
				SWIFT_VERSION = 3.0;
			};
			name = Release;
		};
		4107C68D1DB7169000681EC5 /* Debug */ = {
			isa = XCBuildConfiguration;
			buildSettings = {
				ALWAYS_EMBED_SWIFT_STANDARD_LIBRARIES = YES;
				BUNDLE_LOADER = "$(TEST_HOST)";
				DEVELOPMENT_TEAM = W77BUPP4VH;
				INFOPLIST_FILE = "1000-CardsDATests/Info.plist";
				LD_RUNPATH_SEARCH_PATHS = "$(inherited) @executable_path/Frameworks @loader_path/Frameworks";
				PRODUCT_BUNDLE_IDENTIFIER = "EggLord.-000-CardsDATests";
				PRODUCT_NAME = "$(TARGET_NAME)";
				SWIFT_VERSION = 3.0;
				TEST_HOST = "$(BUILT_PRODUCTS_DIR)/1000-CardsDA.app/1000-CardsDA";
			};
			name = Debug;
		};
		4107C68E1DB7169000681EC5 /* Release */ = {
			isa = XCBuildConfiguration;
			buildSettings = {
				ALWAYS_EMBED_SWIFT_STANDARD_LIBRARIES = YES;
				BUNDLE_LOADER = "$(TEST_HOST)";
				DEVELOPMENT_TEAM = W77BUPP4VH;
				INFOPLIST_FILE = "1000-CardsDATests/Info.plist";
				LD_RUNPATH_SEARCH_PATHS = "$(inherited) @executable_path/Frameworks @loader_path/Frameworks";
				PRODUCT_BUNDLE_IDENTIFIER = "EggLord.-000-CardsDATests";
				PRODUCT_NAME = "$(TARGET_NAME)";
				SWIFT_VERSION = 3.0;
				TEST_HOST = "$(BUILT_PRODUCTS_DIR)/1000-CardsDA.app/1000-CardsDA";
			};
			name = Release;
		};
		4107C6901DB7169000681EC5 /* Debug */ = {
			isa = XCBuildConfiguration;
			buildSettings = {
				ALWAYS_EMBED_SWIFT_STANDARD_LIBRARIES = YES;
				DEVELOPMENT_TEAM = W77BUPP4VH;
				INFOPLIST_FILE = "1000-CardsDAUITests/Info.plist";
				LD_RUNPATH_SEARCH_PATHS = "$(inherited) @executable_path/Frameworks @loader_path/Frameworks";
				PRODUCT_BUNDLE_IDENTIFIER = "EggLord.-000-CardsDAUITests";
				PRODUCT_NAME = "$(TARGET_NAME)";
				SWIFT_VERSION = 3.0;
				TEST_TARGET_NAME = "1000-CardsDA";
			};
			name = Debug;
		};
		4107C6911DB7169000681EC5 /* Release */ = {
			isa = XCBuildConfiguration;
			buildSettings = {
				ALWAYS_EMBED_SWIFT_STANDARD_LIBRARIES = YES;
				DEVELOPMENT_TEAM = W77BUPP4VH;
				INFOPLIST_FILE = "1000-CardsDAUITests/Info.plist";
				LD_RUNPATH_SEARCH_PATHS = "$(inherited) @executable_path/Frameworks @loader_path/Frameworks";
				PRODUCT_BUNDLE_IDENTIFIER = "EggLord.-000-CardsDAUITests";
				PRODUCT_NAME = "$(TARGET_NAME)";
				SWIFT_VERSION = 3.0;
				TEST_TARGET_NAME = "1000-CardsDA";
			};
			name = Release;
		};
/* End XCBuildConfiguration section */

/* Begin XCConfigurationList section */
		4107C6591DB7168F00681EC5 /* Build configuration list for PBXProject "1000-CardsDA" */ = {
			isa = XCConfigurationList;
			buildConfigurations = (
				4107C6871DB7169000681EC5 /* Debug */,
				4107C6881DB7169000681EC5 /* Release */,
			);
			defaultConfigurationIsVisible = 0;
			defaultConfigurationName = Release;
		};
		4107C6891DB7169000681EC5 /* Build configuration list for PBXNativeTarget "1000-CardsDA" */ = {
			isa = XCConfigurationList;
			buildConfigurations = (
				4107C68A1DB7169000681EC5 /* Debug */,
				4107C68B1DB7169000681EC5 /* Release */,
			);
			defaultConfigurationIsVisible = 0;
			defaultConfigurationName = Release;
		};
		4107C68C1DB7169000681EC5 /* Build configuration list for PBXNativeTarget "1000-CardsDATests" */ = {
			isa = XCConfigurationList;
			buildConfigurations = (
				4107C68D1DB7169000681EC5 /* Debug */,
				4107C68E1DB7169000681EC5 /* Release */,
			);
			defaultConfigurationIsVisible = 0;
			defaultConfigurationName = Release;
		};
		4107C68F1DB7169000681EC5 /* Build configuration list for PBXNativeTarget "1000-CardsDAUITests" */ = {
			isa = XCConfigurationList;
			buildConfigurations = (
				4107C6901DB7169000681EC5 /* Debug */,
				4107C6911DB7169000681EC5 /* Release */,
			);
			defaultConfigurationIsVisible = 0;
			defaultConfigurationName = Release;
		};
/* End XCConfigurationList section */

/* Begin XCVersionGroup section */
		4107C6681DB7169000681EC5 /* _000_CardsDA.xcdatamodeld */ = {
			isa = XCVersionGroup;
			children = (
				4107C6691DB7169000681EC5 /* _000_CardsDA.xcdatamodel */,
			);
			currentVersion = 4107C6691DB7169000681EC5 /* _000_CardsDA.xcdatamodel */;
			path = _000_CardsDA.xcdatamodeld;
			sourceTree = "<group>";
			versionGroupType = wrapper.xcdatamodel;
		};
/* End XCVersionGroup section */
	};
	rootObject = 4107C6561DB7168F00681EC5 /* Project object */;
}
